{
  "name": "yew-lucide",
  "version": "0.1.0",
  "lockfileVersion": 2,
  "requires": true,
  "packages": {
    "": {
      "version": "0.1.0",
      "license": "MIT",
      "devDependencies": {
        "lucide-static": "^0.37.0"
      }
    },
    "node_modules/lucide-static": {
      "version": "0.37.0",
      "resolved": "https://registry.npmjs.org/lucide-static/-/lucide-static-0.37.0.tgz",
      "integrity": "sha512-dsPB0fcZykCnVxKkygZwiuW5LYvyUyP3c6Z2dKjReRm83wbkH66vf6nh7tOWRyETgz26cjyupxCO17/xSAoNxg==",
      "dev": true
    }
  },
  "dependencies": {
    "lucide-static": {
      "version": "0.37.0",
      "resolved": "https://registry.npmjs.org/lucide-static/-/lucide-static-0.37.0.tgz",
      "integrity": "sha512-dsPB0fcZykCnVxKkygZwiuW5LYvyUyP3c6Z2dKjReRm83wbkH66vf6nh7tOWRyETgz26cjyupxCO17/xSAoNxg==",
      "dev": true
    }
  }
}
