{
  "name": "yew-lucide",
  "version": "0.1.0",
  "lockfileVersion": 2,
  "requires": true,
  "packages": {
    "": {
      "name": "yew-lucide",
      "version": "0.1.0",
      "license": "MIT",
      "devDependencies": {
        "lucide-static": "^0.83.0"
      }
    },
    "node_modules/lucide-static": {
      "version": "0.83.0",
      "resolved": "https://registry.npmjs.org/lucide-static/-/lucide-static-0.83.0.tgz",
      "integrity": "sha512-iy3nrrMG8tL9knYkLoe2jcpkT8RnrVyevnQNMIUfS3Gs5rs0HdkJT+hJOGnqGV98OWc48KWwWy7nXNTqSNUHWg==",
      "dev": true
    }
  },
  "dependencies": {
    "lucide-static": {
      "version": "0.83.0",
      "resolved": "https://registry.npmjs.org/lucide-static/-/lucide-static-0.83.0.tgz",
      "integrity": "sha512-iy3nrrMG8tL9knYkLoe2jcpkT8RnrVyevnQNMIUfS3Gs5rs0HdkJT+hJOGnqGV98OWc48KWwWy7nXNTqSNUHWg==",
      "dev": true
    }
  }
}
