{
  "name": "yew-lucide",
  "version": "0.1.0",
  "lockfileVersion": 2,
  "requires": true,
  "packages": {
    "": {
      "name": "yew-lucide",
      "version": "0.1.0",
      "license": "MIT",
      "devDependencies": {
        "lucide-static": "^0.17.16"
      }
    },
    "node_modules/lucide-static": {
      "version": "0.17.17",
      "resolved": "https://registry.npmjs.org/lucide-static/-/lucide-static-0.17.17.tgz",
      "integrity": "sha512-84Tx1bpV6TkR/ybn83/ECHnlniOGscFg/jCUUzScLli/PjuVT6eVord8IrVFSYKe46e+gxxJ+3eCPCsVpmIsrg==",
      "dev": true
    }
  },
  "dependencies": {
    "lucide-static": {
      "version": "0.17.17",
      "resolved": "https://registry.npmjs.org/lucide-static/-/lucide-static-0.17.17.tgz",
      "integrity": "sha512-84Tx1bpV6TkR/ybn83/ECHnlniOGscFg/jCUUzScLli/PjuVT6eVord8IrVFSYKe46e+gxxJ+3eCPCsVpmIsrg==",
      "dev": true
    }
  }
}
